// !$*UTF8*$!
{
	archiveVersion = 1;
	classes = {
	};
	objectVersion = 55;
	objects = {

/* Begin PBXBuildFile section */
		ED22FA942799A7A30048765C /* AppDelegate.swift in Sources */ = {isa = PBXBuildFile; fileRef = ED22FA932799A7A30048765C /* AppDelegate.swift */; };
		ED22FA962799A7A30048765C /* SceneDelegate.swift in Sources */ = {isa = PBXBuildFile; fileRef = ED22FA952799A7A30048765C /* SceneDelegate.swift */; };
		ED22FA982799A7A30048765C /* ViewController.swift in Sources */ = {isa = PBXBuildFile; fileRef = ED22FA972799A7A30048765C /* ViewController.swift */; };
		ED22FA9B2799A7A30048765C /* Main.storyboard in Resources */ = {isa = PBXBuildFile; fileRef = ED22FA992799A7A30048765C /* Main.storyboard */; };
		ED22FA9D2799A7A60048765C /* Assets.xcassets in Resources */ = {isa = PBXBuildFile; fileRef = ED22FA9C2799A7A60048765C /* Assets.xcassets */; };
		ED22FAA02799A7A60048765C /* LaunchScreen.storyboard in Resources */ = {isa = PBXBuildFile; fileRef = ED22FA9E2799A7A60048765C /* LaunchScreen.storyboard */; };
		ED22FAA82799A7EF0048765C /* CalculatorBrain.swift in Sources */ = {isa = PBXBuildFile; fileRef = ED22FAA72799A7EF0048765C /* CalculatorBrain.swift */; };
		ED22FAAC2799A8750048765C /* String+BeautifyNumbers.swift in Sources */ = {isa = PBXBuildFile; fileRef = ED22FAAB2799A8750048765C /* String+BeautifyNumbers.swift */; };
/* End PBXBuildFile section */

/* Begin PBXFileReference section */
		ED22FA902799A7A30048765C /* Calculator-Storyboard.app */ = {isa = PBXFileReference; explicitFileType = wrapper.application; includeInIndex = 0; path = "Calculator-Storyboard.app"; sourceTree = BUILT_PRODUCTS_DIR; };
		ED22FA932799A7A30048765C /* AppDelegate.swift */ = {isa = PBXFileReference; lastKnownFileType = sourcecode.swift; path = AppDelegate.swift; sourceTree = "<group>"; };
		ED22FA952799A7A30048765C /* SceneDelegate.swift */ = {isa = PBXFileReference; lastKnownFileType = sourcecode.swift; path = SceneDelegate.swift; sourceTree = "<group>"; };
		ED22FA972799A7A30048765C /* ViewController.swift */ = {isa = PBXFileReference; lastKnownFileType = sourcecode.swift; path = ViewController.swift; sourceTree = "<group>"; };
		ED22FA9A2799A7A30048765C /* Base */ = {isa = PBXFileReference; lastKnownFileType = file.storyboard; name = Base; path = Base.lproj/Main.storyboard; sourceTree = "<group>"; };
		ED22FA9C2799A7A60048765C /* Assets.xcassets */ = {isa = PBXFileReference; lastKnownFileType = folder.assetcatalog; path = Assets.xcassets; sourceTree = "<group>"; };
		ED22FA9F2799A7A60048765C /* Base */ = {isa = PBXFileReference; lastKnownFileType = file.storyboard; name = Base; path = Base.lproj/LaunchScreen.storyboard; sourceTree = "<group>"; };
		ED22FAA12799A7A60048765C /* Info.plist */ = {isa = PBXFileReference; lastKnownFileType = text.plist.xml; path = Info.plist; sourceTree = "<group>"; };
		ED22FAA72799A7EF0048765C /* CalculatorBrain.swift */ = {isa = PBXFileReference; lastKnownFileType = sourcecode.swift; path = CalculatorBrain.swift; sourceTree = "<group>"; };
		ED22FAAB2799A8750048765C /* String+BeautifyNumbers.swift */ = {isa = PBXFileReference; lastKnownFileType = sourcecode.swift; path = "String+BeautifyNumbers.swift"; sourceTree = "<group>"; };
/* End PBXFileReference section */

/* Begin PBXFrameworksBuildPhase section */
		ED22FA8D2799A7A30048765C /* Frameworks */ = {
			isa = PBXFrameworksBuildPhase;
			buildActionMask = 2147483647;
			files = (
			);
			runOnlyForDeploymentPostprocessing = 0;
		};
/* End PBXFrameworksBuildPhase section */

/* Begin PBXGroup section */
		ED22FA872799A7A30048765C = {
			isa = PBXGroup;
			children = (
				ED22FA922799A7A30048765C /* Calculator-Storyboard */,
				ED22FA912799A7A30048765C /* Products */,
			);
			sourceTree = "<group>";
		};
		ED22FA912799A7A30048765C /* Products */ = {
			isa = PBXGroup;
			children = (
				ED22FA902799A7A30048765C /* Calculator-Storyboard.app */,
			);
			name = Products;
			sourceTree = "<group>";
		};
		ED22FA922799A7A30048765C /* Calculator-Storyboard */ = {
			isa = PBXGroup;
			children = (
				ED22FA932799A7A30048765C /* AppDelegate.swift */,
				ED22FA952799A7A30048765C /* SceneDelegate.swift */,
				ED22FA992799A7A30048765C /* Main.storyboard */,
				ED22FA972799A7A30048765C /* ViewController.swift */,
				ED22FAA72799A7EF0048765C /* CalculatorBrain.swift */,
				ED22FAAB2799A8750048765C /* String+BeautifyNumbers.swift */,
				ED22FA9C2799A7A60048765C /* Assets.xcassets */,
				ED22FA9E2799A7A60048765C /* LaunchScreen.storyboard */,
				ED22FAA12799A7A60048765C /* Info.plist */,
			);
			path = "Calculator-Storyboard";
			sourceTree = "<group>";
		};
/* End PBXGroup section */

/* Begin PBXNativeTarget section */
		ED22FA8F2799A7A30048765C /* Calculator-Storyboard */ = {
			isa = PBXNativeTarget;
			buildConfigurationList = ED22FAA42799A7A60048765C /* Build configuration list for PBXNativeTarget "Calculator-Storyboard" */;
			buildPhases = (
				ED22FA8C2799A7A30048765C /* Sources */,
				ED22FA8D2799A7A30048765C /* Frameworks */,
				ED22FA8E2799A7A30048765C /* Resources */,
			);
			buildRules = (
			);
			dependencies = (
			);
			name = "Calculator-Storyboard";
			productName = "Calculator-Storyboard";
			productReference = ED22FA902799A7A30048765C /* Calculator-Storyboard.app */;
			productType = "com.apple.product-type.application";
		};
/* End PBXNativeTarget section */

/* Begin PBXProject section */
		ED22FA882799A7A30048765C /* Project object */ = {
			isa = PBXProject;
			attributes = {
				BuildIndependentTargetsInParallel = 1;
				LastSwiftUpdateCheck = 1320;
				LastUpgradeCheck = 1320;
				TargetAttributes = {
					ED22FA8F2799A7A30048765C = {
						CreatedOnToolsVersion = 13.2.1;
					};
				};
			};
			buildConfigurationList = ED22FA8B2799A7A30048765C /* Build configuration list for PBXProject "Calculator-Storyboard" */;
			compatibilityVersion = "Xcode 13.0";
			developmentRegion = en;
			hasScannedForEncodings = 0;
			knownRegions = (
				en,
				Base,
			);
			mainGroup = ED22FA872799A7A30048765C;
			productRefGroup = ED22FA912799A7A30048765C /* Products */;
			projectDirPath = "";
			projectRoot = "";
			targets = (
				ED22FA8F2799A7A30048765C /* Calculator-Storyboard */,
			);
		};
/* End PBXProject section */

/* Begin PBXResourcesBuildPhase section */
		ED22FA8E2799A7A30048765C /* Resources */ = {
			isa = PBXResourcesBuildPhase;
			buildActionMask = 2147483647;
			files = (
				ED22FAA02799A7A60048765C /* LaunchScreen.storyboard in Resources */,
				ED22FA9D2799A7A60048765C /* Assets.xcassets in Resources */,
				ED22FA9B2799A7A30048765C /* Main.storyboard in Resources */,
			);
			runOnlyForDeploymentPostprocessing = 0;
		};
/* End PBXResourcesBuildPhase section */

/* Begin PBXSourcesBuildPhase section */
		ED22FA8C2799A7A30048765C /* Sources */ = {
			isa = PBXSourcesBuildPhase;
			buildActionMask = 2147483647;
			files = (
				ED22FA982799A7A30048765C /* ViewController.swift in Sources */,
				ED22FA942799A7A30048765C /* AppDelegate.swift in Sources */,
				ED22FAAC2799A8750048765C /* String+BeautifyNumbers.swift in Sources */,
				ED22FAA82799A7EF0048765C /* CalculatorBrain.swift in Sources */,
				ED22FA962799A7A30048765C /* SceneDelegate.swift in Sources */,
			);
			runOnlyForDeploymentPostprocessing = 0;
		};
/* End PBXSourcesBuildPhase section */

/* Begin PBXVariantGroup section */
		ED22FA992799A7A30048765C /* Main.storyboard */ = {
			isa = PBXVariantGroup;
			children = (
				ED22FA9A2799A7A30048765C /* Base */,
			);
			name = Main.storyboard;
			sourceTree = "<group>";
		};
		ED22FA9E2799A7A60048765C /* LaunchScreen.storyboard */ = {
			isa = PBXVariantGroup;
			children = (
				ED22FA9F2799A7A60048765C /* Base */,
			);
			name = LaunchScreen.storyboard;
			sourceTree = "<group>";
		};
/* End PBXVariantGroup section */

/* Begin XCBuildConfiguration section */
		ED22FAA22799A7A60048765C /* Debug */ = {
			isa = XCBuildConfiguration;
			buildSettings = {
				ALWAYS_SEARCH_USER_PATHS = NO;
				CLANG_ANALYZER_NONNULL = YES;
				CLANG_ANALYZER_NUMBER_OBJECT_CONVERSION = YES_AGGRESSIVE;
				CLANG_CXX_LANGUAGE_STANDARD = "gnu++17";
				CLANG_CXX_LIBRARY = "libc++";
				CLANG_ENABLE_MODULES = YES;
				CLANG_ENABLE_OBJC_ARC = YES;
				CLANG_ENABLE_OBJC_WEAK = YES;
				CLANG_WARN_BLOCK_CAPTURE_AUTORELEASING = YES;
				CLANG_WARN_BOOL_CONVERSION = YES;
				CLANG_WARN_COMMA = YES;
				CLANG_WARN_CONSTANT_CONVERSION = YES;
				CLANG_WARN_DEPRECATED_OBJC_IMPLEMENTATIONS = YES;
				CLANG_WARN_DIRECT_OBJC_ISA_USAGE = YES_ERROR;
				CLANG_WARN_DOCUMENTATION_COMMENTS = YES;
				CLANG_WARN_EMPTY_BODY = YES;
				CLANG_WARN_ENUM_CONVERSION = YES;
				CLANG_WARN_INFINITE_RECURSION = YES;
				CLANG_WARN_INT_CONVERSION = YES;
				CLANG_WARN_NON_LITERAL_NULL_CONVERSION = YES;
				CLANG_WARN_OBJC_IMPLICIT_RETAIN_SELF = YES;
				CLANG_WARN_OBJC_LITERAL_CONVERSION = YES;
				CLANG_WARN_OBJC_ROOT_CLASS = YES_ERROR;
				CLANG_WARN_QUOTED_INCLUDE_IN_FRAMEWORK_HEADER = YES;
				CLANG_WARN_RANGE_LOOP_ANALYSIS = YES;
				CLANG_WARN_STRICT_PROTOTYPES = YES;
				CLANG_WARN_SUSPICIOUS_MOVE = YES;
				CLANG_WARN_UNGUARDED_AVAILABILITY = YES_AGGRESSIVE;
				CLANG_WARN_UNREACHABLE_CODE = YES;
				CLANG_WARN__DUPLICATE_METHOD_MATCH = YES;
				COPY_PHASE_STRIP = NO;
				DEBUG_INFORMATION_FORMAT = dwarf;
				ENABLE_STRICT_OBJC_MSGSEND = YES;
				ENABLE_TESTABILITY = YES;
				GCC_C_LANGUAGE_STANDARD = gnu11;
				GCC_DYNAMIC_NO_PIC = NO;
				GCC_NO_COMMON_BLOCKS = YES;
				GCC_OPTIMIZATION_LEVEL = 0;
				GCC_PREPROCESSOR_DEFINITIONS = (
					"DEBUG=1",
					"$(inherited)",
				);
				GCC_WARN_64_TO_32_BIT_CONVERSION = YES;
				GCC_WARN_ABOUT_RETURN_TYPE = YES_ERROR;
				GCC_WARN_UNDECLARED_SELECTOR = YES;
				GCC_WARN_UNINITIALIZED_AUTOS = YES_AGGRESSIVE;
				GCC_WARN_UNUSED_FUNCTION = YES;
				GCC_WARN_UNUSED_VARIABLE = YES;
				IPHONEOS_DEPLOYMENT_TARGET = 15.2;
				MTL_ENABLE_DEBUG_INFO = INCLUDE_SOURCE;
				MTL_FAST_MATH = YES;
				ONLY_ACTIVE_ARCH = YES;
				SDKROOT = iphoneos;
				SWIFT_ACTIVE_COMPILATION_CONDITIONS = DEBUG;
				SWIFT_OPTIMIZATION_LEVEL = "-Onone";
			};
			name = Debug;
		};
		ED22FAA32799A7A60048765C /* Release */ = {
			isa = XCBuildConfiguration;
			buildSettings = {
				ALWAYS_SEARCH_USER_PATHS = NO;
				CLANG_ANALYZER_NONNULL = YES;
				CLANG_ANALYZER_NUMBER_OBJECT_CONVERSION = YES_AGGRESSIVE;
				CLANG_CXX_LANGUAGE_STANDARD = "gnu++17";
				CLANG_CXX_LIBRARY = "libc++";
				CLANG_ENABLE_MODULES = YES;
				CLANG_ENABLE_OBJC_ARC = YES;
				CLANG_ENABLE_OBJC_WEAK = YES;
				CLANG_WARN_BLOCK_CAPTURE_AUTORELEASING = YES;
				CLANG_WARN_BOOL_CONVERSION = YES;
				CLANG_WARN_COMMA = YES;
				CLANG_WARN_CONSTANT_CONVERSION = YES;
				CLANG_WARN_DEPRECATED_OBJC_IMPLEMENTATIONS = YES;
				CLANG_WARN_DIRECT_OBJC_ISA_USAGE = YES_ERROR;
				CLANG_WARN_DOCUMENTATION_COMMENTS = YES;
				CLANG_WARN_EMPTY_BODY = YES;
				CLANG_WARN_ENUM_CONVERSION = YES;
				CLANG_WARN_INFINITE_RECURSION = YES;
				CLANG_WARN_INT_CONVERSION = YES;
				CLANG_WARN_NON_LITERAL_NULL_CONVERSION = YES;
				CLANG_WARN_OBJC_IMPLICIT_RETAIN_SELF = YES;
				CLANG_WARN_OBJC_LITERAL_CONVERSION = YES;
				CLANG_WARN_OBJC_ROOT_CLASS = YES_ERROR;
				CLANG_WARN_QUOTED_INCLUDE_IN_FRAMEWORK_HEADER = YES;
				CLANG_WARN_RANGE_LOOP_ANALYSIS = YES;
				CLANG_WARN_STRICT_PROTOTYPES = YES;
				CLANG_WARN_SUSPICIOUS_MOVE = YES;
				CLANG_WARN_UNGUARDED_AVAILABILITY = YES_AGGRESSIVE;
				CLANG_WARN_UNREACHABLE_CODE = YES;
				CLANG_WARN__DUPLICATE_METHOD_MATCH = YES;
				COPY_PHASE_STRIP = NO;
				DEBUG_INFORMATION_FORMAT = "dwarf-with-dsym";
				ENABLE_NS_ASSERTIONS = NO;
				ENABLE_STRICT_OBJC_MSGSEND = YES;
				GCC_C_LANGUAGE_STANDARD = gnu11;
				GCC_NO_COMMON_BLOCKS = YES;
				GCC_WARN_64_TO_32_BIT_CONVERSION = YES;
				GCC_WARN_ABOUT_RETURN_TYPE = YES_ERROR;
				GCC_WARN_UNDECLARED_SELECTOR = YES;
				GCC_WARN_UNINITIALIZED_AUTOS = YES_AGGRESSIVE;
				GCC_WARN_UNUSED_FUNCTION = YES;
				GCC_WARN_UNUSED_VARIABLE = YES;
				IPHONEOS_DEPLOYMENT_TARGET = 15.2;
				MTL_ENABLE_DEBUG_INFO = NO;
				MTL_FAST_MATH = YES;
				SDKROOT = iphoneos;
				SWIFT_COMPILATION_MODE = wholemodule;
				SWIFT_OPTIMIZATION_LEVEL = "-O";
				VALIDATE_PRODUCT = YES;
			};
			name = Release;
		};
		ED22FAA52799A7A60048765C /* Debug */ = {
			isa = XCBuildConfiguration;
			buildSettings = {
				ASSETCATALOG_COMPILER_APPICON_NAME = AppIcon;
				ASSETCATALOG_COMPILER_GLOBAL_ACCENT_COLOR_NAME = AccentColor;
				CODE_SIGN_STYLE = Automatic;
				CURRENT_PROJECT_VERSION = 1;
				DEVELOPMENT_TEAM = RP4PNYFADM;
				GENERATE_INFOPLIST_FILE = YES;
				INFOPLIST_FILE = "Calculator-Storyboard/Info.plist";
				INFOPLIST_KEY_UIApplicationSupportsIndirectInputEvents = YES;
				INFOPLIST_KEY_UILaunchStoryboardName = LaunchScreen;
				INFOPLIST_KEY_UIMainStoryboardFile = Main;
				INFOPLIST_KEY_UISupportedInterfaceOrientations_iPad = "UIInterfaceOrientationPortrait UIInterfaceOrientationPortraitUpsideDown UIInterfaceOrientationLandscapeLeft UIInterfaceOrientationLandscapeRight";
				INFOPLIST_KEY_UISupportedInterfaceOrientations_iPhone = "UIInterfaceOrientationPortrait UIInterfaceOrientationLandscapeLeft UIInterfaceOrientationLandscapeRight";
				IPHONEOS_DEPLOYMENT_TARGET = 15.2;
				LD_RUNPATH_SEARCH_PATHS = (
					"$(inherited)",
					"@executable_path/Frameworks",
				);
				MARKETING_VERSION = 1.0;
				PRODUCT_BUNDLE_IDENTIFIER = "com.swiftify.Calculator-Storyboard";
				PRODUCT_NAME = "$(TARGET_NAME)";
				SWIFT_EMIT_LOC_STRINGS = YES;
				SWIFT_VERSION = 5.0;
				TARGETED_DEVICE_FAMILY = "1,2";
			};
			name = Debug;
		};
		ED22FAA62799A7A60048765C /* Release */ = {
			isa = XCBuildConfiguration;
			buildSettings = {
				ASSETCATALOG_COMPILER_APPICON_NAME = AppIcon;
				ASSETCATALOG_COMPILER_GLOBAL_ACCENT_COLOR_NAME = AccentColor;
				CODE_SIGN_STYLE = Automatic;
				CURRENT_PROJECT_VERSION = 1;
				DEVELOPMENT_TEAM = RP4PNYFADM;
				GENERATE_INFOPLIST_FILE = YES;
				INFOPLIST_FILE = "Calculator-Storyboard/Info.plist";
				INFOPLIST_KEY_UIApplicationSupportsIndirectInputEvents = YES;
				INFOPLIST_KEY_UILaunchStoryboardName = LaunchScreen;
				INFOPLIST_KEY_UIMainStoryboardFile = Main;
				INFOPLIST_KEY_UISupportedInterfaceOrientations_iPad = "UIInterfaceOrientationPortrait UIInterfaceOrientationPortraitUpsideDown UIInterfaceOrientationLandscapeLeft UIInterfaceOrientationLandscapeRight";
				INFOPLIST_KEY_UISupportedInterfaceOrientations_iPhone = "UIInterfaceOrientationPortrait UIInterfaceOrientationLandscapeLeft UIInterfaceOrientationLandscapeRight";
				IPHONEOS_DEPLOYMENT_TARGET = 15.2;
				LD_RUNPATH_SEARCH_PATHS = (
					"$(inherited)",
					"@executable_path/Frameworks",
				);
				MARKETING_VERSION = 1.0;
				PRODUCT_BUNDLE_IDENTIFIER = "com.swiftify.Calculator-Storyboard";
				PRODUCT_NAME = "$(TARGET_NAME)";
				SWIFT_EMIT_LOC_STRINGS = YES;
				SWIFT_VERSION = 5.0;
				TARGETED_DEVICE_FAMILY = "1,2";
			};
			name = Release;
		};
/* End XCBuildConfiguration section */

/* Begin XCConfigurationList section */
		ED22FA8B2799A7A30048765C /* Build configuration list for PBXProject "Calculator-Storyboard" */ = {
			isa = XCConfigurationList;
			buildConfigurations = (
				ED22FAA22799A7A60048765C /* Debug */,
				ED22FAA32799A7A60048765C /* Release */,
			);
			defaultConfigurationIsVisible = 0;
			defaultConfigurationName = Release;
		};
		ED22FAA42799A7A60048765C /* Build configuration list for PBXNativeTarget "Calculator-Storyboard" */ = {
			isa = XCConfigurationList;
			buildConfigurations = (
				ED22FAA52799A7A60048765C /* Debug */,
				ED22FAA62799A7A60048765C /* Release */,
			);
			defaultConfigurationIsVisible = 0;
			defaultConfigurationName = Release;
		};
/* End XCConfigurationList section */
	};
	rootObject = ED22FA882799A7A30048765C /* Project object */;
}
